
Microsoft Visual Studio Solution File, Format Version 12.00
# Visual Studio Version 17
VisualStudioVersion = 17.4.33403.182
MinimumVisualStudioVersion = 10.0.40219.1
Project("{FAE04EC0-301F-11D3-BF4B-00C04F79EFBC}") = "MessageForm", "MessageForm\MessageForm.csproj", "{E7D29AAB-B82D-4655-91E7-E459AF1D1538}"
EndProject
Project("{FAE04EC0-301F-11D3-BF4B-00C04F79EFBC}") = "SimpleCalculator", "SimpleCalculator\SimpleCalculator.csproj", "{9CB008EE-9085-4B5D-A6D6-3F250EA4D0D0}"
EndProject
Project("{FAE04EC0-301F-11D3-BF4B-00C04F79EFBC}") = "RadioButton", "RadioButton\RadioButton.csproj", "{20F00660-B92C-4342-A2CE-450E9FE2575F}"
EndProject
Project("{FAE04EC0-301F-11D3-BF4B-00C04F79EFBC}") = "Combobox01", "Combobox01\Combobox01.csproj", "{36E8187F-60A7-436A-9D2C-5558C0B0300D}"
EndProject
Project("{FAE04EC0-301F-11D3-BF4B-00C04F79EFBC}") = "ListBox01", "ListBox01\ListBox01.csproj", "{99C282F3-A270-46D9-A0A9-FF8CD4EC8B92}"
EndProject
Project("{FAE04EC0-301F-11D3-BF4B-00C04F79EFBC}") = "ListBox2", "ListBox2\ListBox2.csproj", "{F7259791-5E1C-4301-9195-3F7BB29AA083}"
EndProject
Project("{FAE04EC0-301F-11D3-BF4B-00C04F79EFBC}") = "MLTextBox", "MLTextBox\MLTextBox.csproj", "{B35C38F9-6A32-4EB2-8F48-B8827490BB88}"
EndProject
Project("{FAE04EC0-301F-11D3-BF4B-00C04F79EFBC}") = "Menu2ndForm", "Menu2ndForm\Menu2ndForm.csproj", "{47EA6DCE-5999-4D65-A130-5C4087F20D14}"
EndProject
Project("{FAE04EC0-301F-11D3-BF4B-00C04F79EFBC}") = "CheckedListBox", "CheckedListBox\CheckedListBox.csproj", "{9B15F5DE-D0A3-45D6-AECD-95D8F67F01AF}"
EndProject
Project("{FAE04EC0-301F-11D3-BF4B-00C04F79EFBC}") = "DateDiffer", "DateTimePicker\DateDiffer.csproj", "{3D86C8F2-C3DE-49C7-8597-CAAE0651054A}"
EndProject
Project("{FAE04EC0-301F-11D3-BF4B-00C04F79EFBC}") = "MonthDays", "MonthDays\MonthDays.csproj", "{B8E64E91-C865-4259-A935-2653F4406248}"
EndProject
Project("{FAE04EC0-301F-11D3-BF4B-00C04F79EFBC}") = "TabControl", "TabControl\TabControl.csproj", "{9982CE61-443F-4B81-91CB-A4112BA0B2ED}"
EndProject
Project("{FAE04EC0-301F-11D3-BF4B-00C04F79EFBC}") = "PictureBox", "PictureBox\PictureBox.csproj", "{B06D251C-FA61-4110-9F34-AD49BA2DE141}"
EndProject
Project("{FAE04EC0-301F-11D3-BF4B-00C04F79EFBC}") = "ADO01", "ADO01\ADO01.csproj", "{86D60053-7D65-44E5-B4E1-FA74189E5414}"
EndProject
Project("{FAE04EC0-301F-11D3-BF4B-00C04F79EFBC}") = "ADO01_V1", "ADO01_V1\ADO01_V1.csproj", "{33CA76CB-4DA5-4506-9ACD-109DCE739157}"
EndProject
Project("{FAE04EC0-301F-11D3-BF4B-00C04F79EFBC}") = "Nightly_Workout_01", "Nightly_Workout_01\Nightly_Workout_01.csproj", "{B4D9C4F1-86AE-4580-AB38-D6CAA8526077}"
EndProject
Global
	GlobalSection(SolutionConfigurationPlatforms) = preSolution
		Debug|Any CPU = Debug|Any CPU
		Release|Any CPU = Release|Any CPU
	EndGlobalSection
	GlobalSection(ProjectConfigurationPlatforms) = postSolution
		{E7D29AAB-B82D-4655-91E7-E459AF1D1538}.Debug|Any CPU.ActiveCfg = Debug|Any CPU
		{E7D29AAB-B82D-4655-91E7-E459AF1D1538}.Debug|Any CPU.Build.0 = Debug|Any CPU
		{E7D29AAB-B82D-4655-91E7-E459AF1D1538}.Release|Any CPU.ActiveCfg = Release|Any CPU
		{E7D29AAB-B82D-4655-91E7-E459AF1D1538}.Release|Any CPU.Build.0 = Release|Any CPU
		{9CB008EE-9085-4B5D-A6D6-3F250EA4D0D0}.Debug|Any CPU.ActiveCfg = Debug|Any CPU
		{9CB008EE-9085-4B5D-A6D6-3F250EA4D0D0}.Debug|Any CPU.Build.0 = Debug|Any CPU
		{9CB008EE-9085-4B5D-A6D6-3F250EA4D0D0}.Release|Any CPU.ActiveCfg = Release|Any CPU
		{9CB008EE-9085-4B5D-A6D6-3F250EA4D0D0}.Release|Any CPU.Build.0 = Release|Any CPU
		{20F00660-B92C-4342-A2CE-450E9FE2575F}.Debug|Any CPU.ActiveCfg = Debug|Any CPU
		{20F00660-B92C-4342-A2CE-450E9FE2575F}.Debug|Any CPU.Build.0 = Debug|Any CPU
		{20F00660-B92C-4342-A2CE-450E9FE2575F}.Release|Any CPU.ActiveCfg = Release|Any CPU
		{20F00660-B92C-4342-A2CE-450E9FE2575F}.Release|Any CPU.Build.0 = Release|Any CPU
		{36E8187F-60A7-436A-9D2C-5558C0B0300D}.Debug|Any CPU.ActiveCfg = Debug|Any CPU
		{36E8187F-60A7-436A-9D2C-5558C0B0300D}.Debug|Any CPU.Build.0 = Debug|Any CPU
		{36E8187F-60A7-436A-9D2C-5558C0B0300D}.Release|Any CPU.ActiveCfg = Release|Any CPU
		{36E8187F-60A7-436A-9D2C-5558C0B0300D}.Release|Any CPU.Build.0 = Release|Any CPU
		{99C282F3-A270-46D9-A0A9-FF8CD4EC8B92}.Debug|Any CPU.ActiveCfg = Debug|Any CPU
		{99C282F3-A270-46D9-A0A9-FF8CD4EC8B92}.Debug|Any CPU.Build.0 = Debug|Any CPU
		{99C282F3-A270-46D9-A0A9-FF8CD4EC8B92}.Release|Any CPU.ActiveCfg = Release|Any CPU
		{99C282F3-A270-46D9-A0A9-FF8CD4EC8B92}.Release|Any CPU.Build.0 = Release|Any CPU
		{F7259791-5E1C-4301-9195-3F7BB29AA083}.Debug|Any CPU.ActiveCfg = Debug|Any CPU
		{F7259791-5E1C-4301-9195-3F7BB29AA083}.Debug|Any CPU.Build.0 = Debug|Any CPU
		{F7259791-5E1C-4301-9195-3F7BB29AA083}.Release|Any CPU.ActiveCfg = Release|Any CPU
		{F7259791-5E1C-4301-9195-3F7BB29AA083}.Release|Any CPU.Build.0 = Release|Any CPU
		{B35C38F9-6A32-4EB2-8F48-B8827490BB88}.Debug|Any CPU.ActiveCfg = Debug|Any CPU
		{B35C38F9-6A32-4EB2-8F48-B8827490BB88}.Debug|Any CPU.Build.0 = Debug|Any CPU
		{B35C38F9-6A32-4EB2-8F48-B8827490BB88}.Release|Any CPU.ActiveCfg = Release|Any CPU
		{B35C38F9-6A32-4EB2-8F48-B8827490BB88}.Release|Any CPU.Build.0 = Release|Any CPU
		{47EA6DCE-5999-4D65-A130-5C4087F20D14}.Debug|Any CPU.ActiveCfg = Debug|Any CPU
		{47EA6DCE-5999-4D65-A130-5C4087F20D14}.Debug|Any CPU.Build.0 = Debug|Any CPU
		{47EA6DCE-5999-4D65-A130-5C4087F20D14}.Release|Any CPU.ActiveCfg = Release|Any CPU
		{47EA6DCE-5999-4D65-A130-5C4087F20D14}.Release|Any CPU.Build.0 = Release|Any CPU
		{9B15F5DE-D0A3-45D6-AECD-95D8F67F01AF}.Debug|Any CPU.ActiveCfg = Debug|Any CPU
		{9B15F5DE-D0A3-45D6-AECD-95D8F67F01AF}.Debug|Any CPU.Build.0 = Debug|Any CPU
		{9B15F5DE-D0A3-45D6-AECD-95D8F67F01AF}.Release|Any CPU.ActiveCfg = Release|Any CPU
		{9B15F5DE-D0A3-45D6-AECD-95D8F67F01AF}.Release|Any CPU.Build.0 = Release|Any CPU
		{3D86C8F2-C3DE-49C7-8597-CAAE0651054A}.Debug|Any CPU.ActiveCfg = Debug|Any CPU
		{3D86C8F2-C3DE-49C7-8597-CAAE0651054A}.Debug|Any CPU.Build.0 = Debug|Any CPU
		{3D86C8F2-C3DE-49C7-8597-CAAE0651054A}.Release|Any CPU.ActiveCfg = Release|Any CPU
		{3D86C8F2-C3DE-49C7-8597-CAAE0651054A}.Release|Any CPU.Build.0 = Release|Any CPU
		{B8E64E91-C865-4259-A935-2653F4406248}.Debug|Any CPU.ActiveCfg = Debug|Any CPU
		{B8E64E91-C865-4259-A935-2653F4406248}.Debug|Any CPU.Build.0 = Debug|Any CPU
		{B8E64E91-C865-4259-A935-2653F4406248}.Release|Any CPU.ActiveCfg = Release|Any CPU
		{B8E64E91-C865-4259-A935-2653F4406248}.Release|Any CPU.Build.0 = Release|Any CPU
		{9982CE61-443F-4B81-91CB-A4112BA0B2ED}.Debug|Any CPU.ActiveCfg = Debug|Any CPU
		{9982CE61-443F-4B81-91CB-A4112BA0B2ED}.Debug|Any CPU.Build.0 = Debug|Any CPU
		{9982CE61-443F-4B81-91CB-A4112BA0B2ED}.Release|Any CPU.ActiveCfg = Release|Any CPU
		{9982CE61-443F-4B81-91CB-A4112BA0B2ED}.Release|Any CPU.Build.0 = Release|Any CPU
		{B06D251C-FA61-4110-9F34-AD49BA2DE141}.Debug|Any CPU.ActiveCfg = Debug|Any CPU
		{B06D251C-FA61-4110-9F34-AD49BA2DE141}.Debug|Any CPU.Build.0 = Debug|Any CPU
		{B06D251C-FA61-4110-9F34-AD49BA2DE141}.Release|Any CPU.ActiveCfg = Release|Any CPU
		{B06D251C-FA61-4110-9F34-AD49BA2DE141}.Release|Any CPU.Build.0 = Release|Any CPU
		{86D60053-7D65-44E5-B4E1-FA74189E5414}.Debug|Any CPU.ActiveCfg = Debug|Any CPU
		{86D60053-7D65-44E5-B4E1-FA74189E5414}.Debug|Any CPU.Build.0 = Debug|Any CPU
		{86D60053-7D65-44E5-B4E1-FA74189E5414}.Release|Any CPU.ActiveCfg = Release|Any CPU
		{86D60053-7D65-44E5-B4E1-FA74189E5414}.Release|Any CPU.Build.0 = Release|Any CPU
		{33CA76CB-4DA5-4506-9ACD-109DCE739157}.Debug|Any CPU.ActiveCfg = Debug|Any CPU
		{33CA76CB-4DA5-4506-9ACD-109DCE739157}.Debug|Any CPU.Build.0 = Debug|Any CPU
		{33CA76CB-4DA5-4506-9ACD-109DCE739157}.Release|Any CPU.ActiveCfg = Release|Any CPU
		{33CA76CB-4DA5-4506-9ACD-109DCE739157}.Release|Any CPU.Build.0 = Release|Any CPU
		{B4D9C4F1-86AE-4580-AB38-D6CAA8526077}.Debug|Any CPU.ActiveCfg = Debug|Any CPU
		{B4D9C4F1-86AE-4580-AB38-D6CAA8526077}.Debug|Any CPU.Build.0 = Debug|Any CPU
		{B4D9C4F1-86AE-4580-AB38-D6CAA8526077}.Release|Any CPU.ActiveCfg = Release|Any CPU
		{B4D9C4F1-86AE-4580-AB38-D6CAA8526077}.Release|Any CPU.Build.0 = Release|Any CPU
	EndGlobalSection
	GlobalSection(SolutionProperties) = preSolution
		HideSolutionNode = FALSE
	EndGlobalSection
	GlobalSection(ExtensibilityGlobals) = postSolution
		SolutionGuid = {972D1602-8734-4BB3-BC8F-7DB74F7E832E}
	EndGlobalSection
EndGlobal
