
Microsoft Visual Studio Solution File, Format Version 12.00
# Visual Studio Version 17
VisualStudioVersion = 17.4.33403.182
MinimumVisualStudioVersion = 10.0.40219.1
Project("{FAE04EC0-301F-11D3-BF4B-00C04F79EFBC}") = "MessageForm", "MessageForm\MessageForm.csproj", "{E7D29AAB-B82D-4655-91E7-E459AF1D1538}"
EndProject
Project("{FAE04EC0-301F-11D3-BF4B-00C04F79EFBC}") = "SimpleCalculator", "SimpleCalculator\SimpleCalculator.csproj", "{9CB008EE-9085-4B5D-A6D6-3F250EA4D0D0}"
EndProject
Project("{FAE04EC0-301F-11D3-BF4B-00C04F79EFBC}") = "RadioButton", "RadioButton\RadioButton.csproj", "{20F00660-B92C-4342-A2CE-450E9FE2575F}"
EndProject
Global
	GlobalSection(SolutionConfigurationPlatforms) = preSolution
		Debug|Any CPU = Debug|Any CPU
		Release|Any CPU = Release|Any CPU
	EndGlobalSection
	GlobalSection(ProjectConfigurationPlatforms) = postSolution
		{E7D29AAB-B82D-4655-91E7-E459AF1D1538}.Debug|Any CPU.ActiveCfg = Debug|Any CPU
		{E7D29AAB-B82D-4655-91E7-E459AF1D1538}.Debug|Any CPU.Build.0 = Debug|Any CPU
		{E7D29AAB-B82D-4655-91E7-E459AF1D1538}.Release|Any CPU.ActiveCfg = Release|Any CPU
		{E7D29AAB-B82D-4655-91E7-E459AF1D1538}.Release|Any CPU.Build.0 = Release|Any CPU
		{9CB008EE-9085-4B5D-A6D6-3F250EA4D0D0}.Debug|Any CPU.ActiveCfg = Debug|Any CPU
		{9CB008EE-9085-4B5D-A6D6-3F250EA4D0D0}.Debug|Any CPU.Build.0 = Debug|Any CPU
		{9CB008EE-9085-4B5D-A6D6-3F250EA4D0D0}.Release|Any CPU.ActiveCfg = Release|Any CPU
		{9CB008EE-9085-4B5D-A6D6-3F250EA4D0D0}.Release|Any CPU.Build.0 = Release|Any CPU
		{20F00660-B92C-4342-A2CE-450E9FE2575F}.Debug|Any CPU.ActiveCfg = Debug|Any CPU
		{20F00660-B92C-4342-A2CE-450E9FE2575F}.Debug|Any CPU.Build.0 = Debug|Any CPU
		{20F00660-B92C-4342-A2CE-450E9FE2575F}.Release|Any CPU.ActiveCfg = Release|Any CPU
		{20F00660-B92C-4342-A2CE-450E9FE2575F}.Release|Any CPU.Build.0 = Release|Any CPU
	EndGlobalSection
	GlobalSection(SolutionProperties) = preSolution
		HideSolutionNode = FALSE
	EndGlobalSection
	GlobalSection(ExtensibilityGlobals) = postSolution
		SolutionGuid = {972D1602-8734-4BB3-BC8F-7DB74F7E832E}
	EndGlobalSection
EndGlobal
